
Microsoft Visual Studio Solution File, Format Version 12.00
# Visual Studio Version 16
VisualStudioVersion = 16.0.32002.261
MinimumVisualStudioVersion = 10.0.40219.1
Project("{FAE04EC0-301F-11D3-BF4B-00C04F79EFBC}") = "project-xliii", "project-xliii\project-xliii.csproj", "{AA2DCBA8-B765-484E-9A2B-BCCCBBE7C705}"
EndProject
Global
	GlobalSection(SolutionConfigurationPlatforms) = preSolution
		Debug|Any CPU = Debug|Any CPU
		Release|Any CPU = Release|Any CPU
	EndGlobalSection
	GlobalSection(ProjectConfigurationPlatforms) = postSolution
		{AA2DCBA8-B765-484E-9A2B-BCCCBBE7C705}.Debug|Any CPU.ActiveCfg = Debug|Any CPU
		{AA2DCBA8-B765-484E-9A2B-BCCCBBE7C705}.Debug|Any CPU.Build.0 = Debug|Any CPU
		{AA2DCBA8-B765-484E-9A2B-BCCCBBE7C705}.Release|Any CPU.ActiveCfg = Release|Any CPU
		{AA2DCBA8-B765-484E-9A2B-BCCCBBE7C705}.Release|Any CPU.Build.0 = Release|Any CPU
	EndGlobalSection
	GlobalSection(SolutionProperties) = preSolution
		HideSolutionNode = FALSE
	EndGlobalSection
	GlobalSection(ExtensibilityGlobals) = postSolution
		SolutionGuid = {52996091-7A53-4DCD-8055-8DC5728E526F}
	EndGlobalSection
EndGlobal
