
Microsoft Visual Studio Solution File, Format Version 12.00
# Visual Studio Version 16
VisualStudioVersion = 16.0.32002.261
MinimumVisualStudioVersion = 10.0.40219.1
Project("{FAE04EC0-301F-11D3-BF4B-00C04F79EFBC}") = "project-xxx", "project-xxx\project-xxx.csproj", "{77422F45-4735-41D3-8B0E-6E569F493E90}"
EndProject
Global
	GlobalSection(SolutionConfigurationPlatforms) = preSolution
		Debug|Any CPU = Debug|Any CPU
		Release|Any CPU = Release|Any CPU
	EndGlobalSection
	GlobalSection(ProjectConfigurationPlatforms) = postSolution
		{77422F45-4735-41D3-8B0E-6E569F493E90}.Debug|Any CPU.ActiveCfg = Debug|Any CPU
		{77422F45-4735-41D3-8B0E-6E569F493E90}.Debug|Any CPU.Build.0 = Debug|Any CPU
		{77422F45-4735-41D3-8B0E-6E569F493E90}.Release|Any CPU.ActiveCfg = Release|Any CPU
		{77422F45-4735-41D3-8B0E-6E569F493E90}.Release|Any CPU.Build.0 = Release|Any CPU
	EndGlobalSection
	GlobalSection(SolutionProperties) = preSolution
		HideSolutionNode = FALSE
	EndGlobalSection
	GlobalSection(ExtensibilityGlobals) = postSolution
		SolutionGuid = {D5866C03-C147-41CE-AD7E-05FF9AB1E916}
	EndGlobalSection
EndGlobal
