
Microsoft Visual Studio Solution File, Format Version 12.00
# Visual Studio Version 16
VisualStudioVersion = 16.0.31911.196
MinimumVisualStudioVersion = 10.0.40219.1
Project("{FAE04EC0-301F-11D3-BF4B-00C04F79EFBC}") = "project-xiv", "project-xiv\project-xiv.csproj", "{34DAED20-8668-4F83-BA41-D3A668EF43BA}"
EndProject
Global
	GlobalSection(SolutionConfigurationPlatforms) = preSolution
		Debug|Any CPU = Debug|Any CPU
		Release|Any CPU = Release|Any CPU
	EndGlobalSection
	GlobalSection(ProjectConfigurationPlatforms) = postSolution
		{34DAED20-8668-4F83-BA41-D3A668EF43BA}.Debug|Any CPU.ActiveCfg = Debug|Any CPU
		{34DAED20-8668-4F83-BA41-D3A668EF43BA}.Debug|Any CPU.Build.0 = Debug|Any CPU
		{34DAED20-8668-4F83-BA41-D3A668EF43BA}.Release|Any CPU.ActiveCfg = Release|Any CPU
		{34DAED20-8668-4F83-BA41-D3A668EF43BA}.Release|Any CPU.Build.0 = Release|Any CPU
	EndGlobalSection
	GlobalSection(SolutionProperties) = preSolution
		HideSolutionNode = FALSE
	EndGlobalSection
	GlobalSection(ExtensibilityGlobals) = postSolution
		SolutionGuid = {5E2AAE79-F8AF-42DB-A55C-9BAC8C0C59B2}
	EndGlobalSection
EndGlobal
