
Microsoft Visual Studio Solution File, Format Version 12.00
# Visual Studio Version 16
VisualStudioVersion = 16.0.31911.196
MinimumVisualStudioVersion = 10.0.40219.1
Project("{FAE04EC0-301F-11D3-BF4B-00C04F79EFBC}") = "project-xv", "project-xv\project-xv.csproj", "{DFB157FA-F5D5-41DE-A3DD-43F1D1484050}"
EndProject
Global
	GlobalSection(SolutionConfigurationPlatforms) = preSolution
		Debug|Any CPU = Debug|Any CPU
		Release|Any CPU = Release|Any CPU
	EndGlobalSection
	GlobalSection(ProjectConfigurationPlatforms) = postSolution
		{DFB157FA-F5D5-41DE-A3DD-43F1D1484050}.Debug|Any CPU.ActiveCfg = Debug|Any CPU
		{DFB157FA-F5D5-41DE-A3DD-43F1D1484050}.Debug|Any CPU.Build.0 = Debug|Any CPU
		{DFB157FA-F5D5-41DE-A3DD-43F1D1484050}.Release|Any CPU.ActiveCfg = Release|Any CPU
		{DFB157FA-F5D5-41DE-A3DD-43F1D1484050}.Release|Any CPU.Build.0 = Release|Any CPU
	EndGlobalSection
	GlobalSection(SolutionProperties) = preSolution
		HideSolutionNode = FALSE
	EndGlobalSection
	GlobalSection(ExtensibilityGlobals) = postSolution
		SolutionGuid = {D001B6D7-887D-4AB8-A168-A4C39C2B86ED}
	EndGlobalSection
EndGlobal
