
Microsoft Visual Studio Solution File, Format Version 12.00
# Visual Studio Version 16
VisualStudioVersion = 16.0.31911.196
MinimumVisualStudioVersion = 10.0.40219.1
Project("{FAE04EC0-301F-11D3-BF4B-00C04F79EFBC}") = "project-x", "project-x\project-x.csproj", "{2678AA83-B5C1-4426-8C65-42E6985F996E}"
EndProject
Global
	GlobalSection(SolutionConfigurationPlatforms) = preSolution
		Debug|Any CPU = Debug|Any CPU
		Release|Any CPU = Release|Any CPU
	EndGlobalSection
	GlobalSection(ProjectConfigurationPlatforms) = postSolution
		{2678AA83-B5C1-4426-8C65-42E6985F996E}.Debug|Any CPU.ActiveCfg = Debug|Any CPU
		{2678AA83-B5C1-4426-8C65-42E6985F996E}.Debug|Any CPU.Build.0 = Debug|Any CPU
		{2678AA83-B5C1-4426-8C65-42E6985F996E}.Release|Any CPU.ActiveCfg = Release|Any CPU
		{2678AA83-B5C1-4426-8C65-42E6985F996E}.Release|Any CPU.Build.0 = Release|Any CPU
	EndGlobalSection
	GlobalSection(SolutionProperties) = preSolution
		HideSolutionNode = FALSE
	EndGlobalSection
	GlobalSection(ExtensibilityGlobals) = postSolution
		SolutionGuid = {3E7FAC72-8027-4331-A656-BAD81C83EDD0}
	EndGlobalSection
EndGlobal
