
Microsoft Visual Studio Solution File, Format Version 12.00
# Visual Studio Version 16
VisualStudioVersion = 16.0.31911.196
MinimumVisualStudioVersion = 10.0.40219.1
Project("{FAE04EC0-301F-11D3-BF4B-00C04F79EFBC}") = "project-xxi", "project-xxi\project-xxi.csproj", "{4D8C420A-63F1-4B8C-B664-EB1678DD2313}"
EndProject
Global
	GlobalSection(SolutionConfigurationPlatforms) = preSolution
		Debug|Any CPU = Debug|Any CPU
		Release|Any CPU = Release|Any CPU
	EndGlobalSection
	GlobalSection(ProjectConfigurationPlatforms) = postSolution
		{4D8C420A-63F1-4B8C-B664-EB1678DD2313}.Debug|Any CPU.ActiveCfg = Debug|Any CPU
		{4D8C420A-63F1-4B8C-B664-EB1678DD2313}.Debug|Any CPU.Build.0 = Debug|Any CPU
		{4D8C420A-63F1-4B8C-B664-EB1678DD2313}.Release|Any CPU.ActiveCfg = Release|Any CPU
		{4D8C420A-63F1-4B8C-B664-EB1678DD2313}.Release|Any CPU.Build.0 = Release|Any CPU
	EndGlobalSection
	GlobalSection(SolutionProperties) = preSolution
		HideSolutionNode = FALSE
	EndGlobalSection
	GlobalSection(ExtensibilityGlobals) = postSolution
		SolutionGuid = {E4FC998D-073F-4907-9D58-D5901BE0D534}
	EndGlobalSection
EndGlobal
