
Microsoft Visual Studio Solution File, Format Version 12.00
# Visual Studio Version 16
VisualStudioVersion = 16.0.32002.261
MinimumVisualStudioVersion = 10.0.40219.1
Project("{FAE04EC0-301F-11D3-BF4B-00C04F79EFBC}") = "project-xxxvi", "project-xxxvi\project-xxxvi.csproj", "{81679841-09E3-4F1B-86B9-53F15C5A7239}"
EndProject
Global
	GlobalSection(SolutionConfigurationPlatforms) = preSolution
		Debug|Any CPU = Debug|Any CPU
		Release|Any CPU = Release|Any CPU
	EndGlobalSection
	GlobalSection(ProjectConfigurationPlatforms) = postSolution
		{81679841-09E3-4F1B-86B9-53F15C5A7239}.Debug|Any CPU.ActiveCfg = Debug|Any CPU
		{81679841-09E3-4F1B-86B9-53F15C5A7239}.Debug|Any CPU.Build.0 = Debug|Any CPU
		{81679841-09E3-4F1B-86B9-53F15C5A7239}.Release|Any CPU.ActiveCfg = Release|Any CPU
		{81679841-09E3-4F1B-86B9-53F15C5A7239}.Release|Any CPU.Build.0 = Release|Any CPU
	EndGlobalSection
	GlobalSection(SolutionProperties) = preSolution
		HideSolutionNode = FALSE
	EndGlobalSection
	GlobalSection(ExtensibilityGlobals) = postSolution
		SolutionGuid = {1EDF91AB-92AA-4580-A584-CC62A2ED4389}
	EndGlobalSection
EndGlobal
