
Microsoft Visual Studio Solution File, Format Version 12.00
# Visual Studio Version 16
VisualStudioVersion = 16.0.32002.261
MinimumVisualStudioVersion = 10.0.40219.1
Project("{FAE04EC0-301F-11D3-BF4B-00C04F79EFBC}") = "project-xxxv", "project-xxxv\project-xxxv.csproj", "{2D45438C-F165-4880-A771-73B6AE65870B}"
EndProject
Global
	GlobalSection(SolutionConfigurationPlatforms) = preSolution
		Debug|Any CPU = Debug|Any CPU
		Release|Any CPU = Release|Any CPU
	EndGlobalSection
	GlobalSection(ProjectConfigurationPlatforms) = postSolution
		{2D45438C-F165-4880-A771-73B6AE65870B}.Debug|Any CPU.ActiveCfg = Debug|Any CPU
		{2D45438C-F165-4880-A771-73B6AE65870B}.Debug|Any CPU.Build.0 = Debug|Any CPU
		{2D45438C-F165-4880-A771-73B6AE65870B}.Release|Any CPU.ActiveCfg = Release|Any CPU
		{2D45438C-F165-4880-A771-73B6AE65870B}.Release|Any CPU.Build.0 = Release|Any CPU
	EndGlobalSection
	GlobalSection(SolutionProperties) = preSolution
		HideSolutionNode = FALSE
	EndGlobalSection
	GlobalSection(ExtensibilityGlobals) = postSolution
		SolutionGuid = {A4C5E4E8-DC6F-4376-9093-38BC7BF0AEE8}
	EndGlobalSection
EndGlobal
